<Solution>
  <Folder Name="/CQRS/">
    <Project Path="src/BbQ.Cqrs/BbQ.Cqrs.csproj" />
    <Project Path="src/BqQ.Cqrs.Samples/BbQ.Cqrs.Samples.csproj"  />
  </Folder>
  <Project Path="src/Outcome.SourceGenerators/Outcome.SourceGenerators.csproj" />
  <Project Path="src/Outcome.Tests/Outcome.Tests.csproj" />
  <Project Path="src/Outcome/Outcome.csproj" />
</Solution>
