<Solution>
  <Folder Name="/CQRS/">
    <Project Path="src/BbQ.Cqrs.Samples/BbQ.Cqrs.Samples.csproj" />
    <Project Path="src/BbQ.Cqrs.SourceGenerators/BbQ.Cqrs.SourceGenerators.csproj" />
    <Project Path="src/BbQ.Cqrs/BbQ.Cqrs.csproj" />
    <Project Path="tests/BbQ.Cqrs.Benchmarks/BbQ.Cqrs.Benchmarks.csproj" />
    <Project Path="tests/BbQ.Cqrs.SourceGenerators.Tests/BbQ.Cqrs.SourceGenerators.Tests.csproj" />
    <Project Path="tests/BbQ.Cqrs.Tests/BbQ.Cqrs.Tests.csproj" />
  </Folder>
  <Folder Name="/Events/">
    <Project Path="src/BbQ.Events.PostgreSql/BbQ.Events.PostgreSql.csproj" />
    <Project Path="src/BbQ.Events.RabbitMQ/BbQ.Events.RabbitMQ.csproj" />
    <Project Path="src/BbQ.Events.SourceGenerators/BbQ.Events.SourceGenerators.csproj" />
    <Project Path="src/BbQ.Events.SqlServer/BbQ.Events.SqlServer.csproj" />
    <Project Path="src/BbQ.Events/BbQ.Events.csproj" />
    <Project Path="tests/BbQ.Events.Benchmarks/BbQ.Events.Benchmarks.csproj" />
    <Project Path="tests/BbQ.Events.PostgreSql.Tests/BbQ.Events.PostgreSql.Tests.csproj" />
    <Project Path="tests/BbQ.Events.RabbitMQ.Tests/BbQ.Events.RabbitMQ.Tests.csproj" />
    <Project Path="tests/BbQ.Events.SqlServer.Tests/BbQ.Events.SqlServer.Tests.csproj" />
  </Folder>
  <Folder Name="/Samples/">
    <Project Path="samples/BbQ.Events.Samples/BbQ.Events.Samples.csproj" Id="f2343415-bdae-4ab0-be93-2159e9840f4b" />
    <Project Path="samples/BbQ.Outcome.AotSmoke/BbQ.Outcome.AotSmoke.csproj" />
  </Folder>
  <Folder Name="/Outcome Integrations/">
    <Project Path="src/BbQ.Cqrs.Outcome/BbQ.Cqrs.Outcome.csproj" />
    <Project Path="src/BbQ.Cqrs.Outcome.FluentValidation/BbQ.Cqrs.Outcome.FluentValidation.csproj" />
    <Project Path="src/BbQ.Outcome.AspNetCore/BbQ.Outcome.AspNetCore.csproj" />
    <Project Path="src/BbQ.Outcome.SystemTextJson/BbQ.Outcome.SystemTextJson.csproj" />
    <Project Path="src/BbQ.Outcome.Diagnostics/BbQ.Outcome.Diagnostics.csproj" />
    <Project Path="tests/BbQ.Outcome.Integrations.Tests/BbQ.Outcome.Integrations.Tests.csproj" />
  </Folder>
  <Project Path="src/BbQ.Outcome.SourceGenerators/BbQ.Outcome.SourceGenerators.csproj" />
  <Project Path="src/BbQ.Outcome/BbQ.Outcome.csproj" />
  <Project Path="tests/BbQ.Outcome.Benchmarks/BbQ.Outcome.Benchmarks.csproj" />
  <Project Path="tests/BbQ.Outcome.Tests/BbQ.Outcome.Tests.csproj" />
  <Project Path="tests/BbQ.Outcome.SourceGenerators.Tests/BbQ.Outcome.SourceGenerators.Tests.csproj" />
</Solution>
